lockfileVersion: '9.0'

settings:
  autoInstallPeers: true
  excludeLinksFromLockfile: false

importers:

  .:
    devDependencies:
      uniffi-bindgen-react-native:
        specifier: 0.30.0-1
        version: 0.30.0-1

packages:

  uniffi-bindgen-react-native@0.30.0-1:
    resolution: {integrity: sha512-rffyNPTQ2qFx7deaLXYVBhXcy4pDrjtEc28Pc1Rwt532IGEQquT7eNvvLKIgX6G5xODi6Yfni1zFs5u+O2QL1A==}
    hasBin: true

snapshots:

  uniffi-bindgen-react-native@0.30.0-1: {}
