{
  "originHash" : "e25a130c75fcc886baad5a8ff3a1700685b47f1aeb113fe77aab653c0a765fe0",
  "pins" : [
    {
      "identity" : "swift-query",
      "kind" : "remoteSourceControl",
      "location" : "https://github.com/MattheousDT/swift-query",
      "state" : {
        "branch" : "main",
        "revision" : "f957492bd549c867530d23346ef65f8bb4899a39"
      }
    }
  ],
  "version" : 3
}
