// !$*UTF8*$!
{
	archiveVersion = 1;
	classes = {
	};
	objectVersion = 77;
	objects = {

/* Begin PBXAggregateTarget section */
		C90CEA872F7D7C4200762DC5 /* RustBuild */ = {
			isa = PBXAggregateTarget;
			buildConfigurationList = C90CEA882F7D7C4200762DC5 /* Build configuration list for PBXAggregateTarget "RustBuild" */;
			buildPhases = (
				C90CEA8B2F7D7C5200762DC5 /* ShellScript */,
			);
			dependencies = (
			);
			name = RustBuild;
			packageProductDependencies = (
			);
			productName = RustBuild;
		};
/* End PBXAggregateTarget section */

/* Begin PBXBuildFile section */
		271BDAA3445103C8B032C23E /* musicbirb.xcframework in Frameworks */ = {isa = PBXBuildFile; fileRef = DD81B584E5F0E60A950D27BB /* musicbirb.xcframework */; };
		6E2E784AB83ECE1E78B1F540 /* musicbirb.xcframework in Embed Frameworks */ = {isa = PBXBuildFile; fileRef = DD81B584E5F0E60A950D27BB /* musicbirb.xcframework */; settings = {ATTRIBUTES = (CodeSignOnCopy, RemoveHeadersOnCopy, ); }; };
		C81476EF006C9CA1AE75E6CC /* musicbirb.swift in Sources */ = {isa = PBXBuildFile; fileRef = A6F20B742F64CD436FD2BE42 /* musicbirb.swift */; };
/* End PBXBuildFile section */

/* Begin PBXContainerItemProxy section */
		C90CEA8C2F7D7CC800762DC5 /* PBXContainerItemProxy */ = {
			isa = PBXContainerItemProxy;
			containerPortal = EDC4AD04E3E411D0CC495BAE /* Project object */;
			proxyType = 1;
			remoteGlobalIDString = C90CEA872F7D7C4200762DC5;
			remoteInfo = RustBuild;
		};
/* End PBXContainerItemProxy section */

/* Begin PBXCopyFilesBuildPhase section */
		EB46B69430593E6D9EE3C51D /* Embed Frameworks */ = {
			isa = PBXCopyFilesBuildPhase;
			buildActionMask = 2147483647;
			dstPath = "";
			dstSubfolderSpec = 10;
			files = (
				6E2E784AB83ECE1E78B1F540 /* musicbirb.xcframework in Embed Frameworks */,
			);
			name = "Embed Frameworks";
			runOnlyForDeploymentPostprocessing = 0;
		};
/* End PBXCopyFilesBuildPhase section */

/* Begin PBXFileReference section */
		074D18E6C96C79E86092DBA8 /* Musicbirb.app */ = {isa = PBXFileReference; explicitFileType = wrapper.application; includeInIndex = 0; path = Musicbirb.app; sourceTree = BUILT_PRODUCTS_DIR; };
		A6F20B742F64CD436FD2BE42 /* musicbirb.swift */ = {isa = PBXFileReference; lastKnownFileType = sourcecode.swift; path = musicbirb.swift; sourceTree = "<group>"; };
		DD81B584E5F0E60A950D27BB /* musicbirb.xcframework */ = {isa = PBXFileReference; lastKnownFileType = wrapper.xcframework; name = musicbirb.xcframework; path = Bindings/musicbirb.xcframework; sourceTree = "<group>"; };
/* End PBXFileReference section */

/* Begin PBXFileSystemSynchronizedBuildFileExceptionSet section */
		C97F53EF2F826F1300F65950 /* Exceptions for "Musicbirb" folder in "Musicbirb" target */ = {
			isa = PBXFileSystemSynchronizedBuildFileExceptionSet;
			membershipExceptions = (
				Info.plist,
			);
			target = 4F46A50DE2A40B5D098A3530 /* Musicbirb */;
		};
/* End PBXFileSystemSynchronizedBuildFileExceptionSet section */

/* Begin PBXFileSystemSynchronizedRootGroup section */
		C97F53B82F826F1300F65950 /* Musicbirb */ = {
			isa = PBXFileSystemSynchronizedRootGroup;
			exceptions = (
				C97F53EF2F826F1300F65950 /* Exceptions for "Musicbirb" folder in "Musicbirb" target */,
			);
			path = Musicbirb;
			sourceTree = "<group>";
		};
/* End PBXFileSystemSynchronizedRootGroup section */

/* Begin PBXFrameworksBuildPhase section */
		952D51E077186A89C47DFDD5 /* Frameworks */ = {
			isa = PBXFrameworksBuildPhase;
			buildActionMask = 2147483647;
			files = (
				271BDAA3445103C8B032C23E /* musicbirb.xcframework in Frameworks */,
			);
			runOnlyForDeploymentPostprocessing = 0;
		};
/* End PBXFrameworksBuildPhase section */

/* Begin PBXGroup section */
		0B11753F2AFC62983A61D77C /* Frameworks */ = {
			isa = PBXGroup;
			children = (
				DD81B584E5F0E60A950D27BB /* musicbirb.xcframework */,
			);
			name = Frameworks;
			sourceTree = "<group>";
		};
		62D71F6343BCDA47CDDD1A1F /* Bindings */ = {
			isa = PBXGroup;
			children = (
				A6F20B742F64CD436FD2BE42 /* musicbirb.swift */,
			);
			path = Bindings;
			sourceTree = "<group>";
		};
		6E1ED4D9EE87BE15A7675B97 /* Products */ = {
			isa = PBXGroup;
			children = (
				074D18E6C96C79E86092DBA8 /* Musicbirb.app */,
			);
			name = Products;
			sourceTree = "<group>";
		};
		FE1EB79BCA94D1FB7B256F5D = {
			isa = PBXGroup;
			children = (
				62D71F6343BCDA47CDDD1A1F /* Bindings */,
				C97F53B82F826F1300F65950 /* Musicbirb */,
				0B11753F2AFC62983A61D77C /* Frameworks */,
				6E1ED4D9EE87BE15A7675B97 /* Products */,
			);
			sourceTree = "<group>";
		};
/* End PBXGroup section */

/* Begin PBXNativeTarget section */
		4F46A50DE2A40B5D098A3530 /* Musicbirb */ = {
			isa = PBXNativeTarget;
			buildConfigurationList = D25E20F9AE6C16474FF56F35 /* Build configuration list for PBXNativeTarget "Musicbirb" */;
			buildPhases = (
				7915152BA014569817F85DC4 /* Sources */,
				9F80D36549925BED9A9C2059 /* Resources */,
				952D51E077186A89C47DFDD5 /* Frameworks */,
				EB46B69430593E6D9EE3C51D /* Embed Frameworks */,
			);
			buildRules = (
			);
			dependencies = (
				C90CEA8D2F7D7CC800762DC5 /* PBXTargetDependency */,
			);
			fileSystemSynchronizedGroups = (
				C97F53B82F826F1300F65950 /* Musicbirb */,
			);
			name = Musicbirb;
			packageProductDependencies = (
			);
			productName = Musicbirb;
			productReference = 074D18E6C96C79E86092DBA8 /* Musicbirb.app */;
			productType = "com.apple.product-type.application";
		};
/* End PBXNativeTarget section */

/* Begin PBXProject section */
		EDC4AD04E3E411D0CC495BAE /* Project object */ = {
			isa = PBXProject;
			attributes = {
				BuildIndependentTargetsInParallel = YES;
				LastUpgradeCheck = 1430;
				TargetAttributes = {
					C90CEA872F7D7C4200762DC5 = {
						CreatedOnToolsVersion = 26.1.1;
					};
				};
			};
			buildConfigurationList = 5B8D5ED92112336B936D15FA /* Build configuration list for PBXProject "Musicbirb" */;
			developmentRegion = en;
			hasScannedForEncodings = 0;
			knownRegions = (
				Base,
				en,
				ko,
			);
			mainGroup = FE1EB79BCA94D1FB7B256F5D;
			minimizedProjectReferenceProxies = 1;
			packageReferences = (
			);
			preferredProjectObjectVersion = 77;
			productRefGroup = 6E1ED4D9EE87BE15A7675B97 /* Products */;
			projectDirPath = "";
			projectRoot = "";
			targets = (
				4F46A50DE2A40B5D098A3530 /* Musicbirb */,
				C90CEA872F7D7C4200762DC5 /* RustBuild */,
			);
		};
/* End PBXProject section */

/* Begin PBXResourcesBuildPhase section */
		9F80D36549925BED9A9C2059 /* Resources */ = {
			isa = PBXResourcesBuildPhase;
			buildActionMask = 2147483647;
			files = (
			);
			runOnlyForDeploymentPostprocessing = 0;
		};
/* End PBXResourcesBuildPhase section */

/* Begin PBXShellScriptBuildPhase section */
		C90CEA8B2F7D7C5200762DC5 /* ShellScript */ = {
			isa = PBXShellScriptBuildPhase;
			buildActionMask = 2147483647;
			files = (
			);
			inputFileListPaths = (
			);
			inputPaths = (
				"$(SRCROOT)/../Cargo.lock",
				"$(SRCROOT)/../crates/core/src",
				"$(SRCROOT)/../crates/ffi/src",
			);
			outputFileListPaths = (
			);
			outputPaths = (
				"$(SRCROOT)/Bindings/musicbirb.swift",
				"$(SRCROOT)/Bindings/musicbirb.xcframework",
			);
			runOnlyForDeploymentPostprocessing = 0;
			shellPath = /bin/sh;
			shellScript = "# Set path to find cargo (adjust if needed)\nexport PATH=\"$HOME/.cargo/bin:$PATH\"\ncd \"$SRCROOT/..\"\ncargo dist\n";
		};
/* End PBXShellScriptBuildPhase section */

/* Begin PBXSourcesBuildPhase section */
		7915152BA014569817F85DC4 /* Sources */ = {
			isa = PBXSourcesBuildPhase;
			buildActionMask = 2147483647;
			files = (
				C81476EF006C9CA1AE75E6CC /* musicbirb.swift in Sources */,
			);
			runOnlyForDeploymentPostprocessing = 0;
		};
/* End PBXSourcesBuildPhase section */

/* Begin PBXTargetDependency section */
		C90CEA8D2F7D7CC800762DC5 /* PBXTargetDependency */ = {
			isa = PBXTargetDependency;
			target = C90CEA872F7D7C4200762DC5 /* RustBuild */;
			targetProxy = C90CEA8C2F7D7CC800762DC5 /* PBXContainerItemProxy */;
		};
/* End PBXTargetDependency section */

/* Begin XCBuildConfiguration section */
		049EE951C507F6C4AC416FA7 /* Release */ = {
			isa = XCBuildConfiguration;
			buildSettings = {
				ALWAYS_SEARCH_USER_PATHS = NO;
				CLANG_ANALYZER_NONNULL = YES;
				CLANG_ANALYZER_NUMBER_OBJECT_CONVERSION = YES_AGGRESSIVE;
				CLANG_CXX_LANGUAGE_STANDARD = "gnu++14";
				CLANG_CXX_LIBRARY = "libc++";
				CLANG_ENABLE_MODULES = YES;
				CLANG_ENABLE_OBJC_ARC = YES;
				CLANG_ENABLE_OBJC_WEAK = YES;
				CLANG_WARN_BLOCK_CAPTURE_AUTORELEASING = YES;
				CLANG_WARN_BOOL_CONVERSION = YES;
				CLANG_WARN_COMMA = YES;
				CLANG_WARN_CONSTANT_CONVERSION = YES;
				CLANG_WARN_DEPRECATED_OBJC_IMPLEMENTATIONS = YES;
				CLANG_WARN_DIRECT_OBJC_ISA_USAGE = YES_ERROR;
				CLANG_WARN_DOCUMENTATION_COMMENTS = YES;
				CLANG_WARN_EMPTY_BODY = YES;
				CLANG_WARN_ENUM_CONVERSION = YES;
				CLANG_WARN_INFINITE_RECURSION = YES;
				CLANG_WARN_INT_CONVERSION = YES;
				CLANG_WARN_NON_LITERAL_NULL_CONVERSION = YES;
				CLANG_WARN_OBJC_IMPLICIT_RETAIN_SELF = YES;
				CLANG_WARN_OBJC_LITERAL_CONVERSION = YES;
				CLANG_WARN_OBJC_ROOT_CLASS = YES_ERROR;
				CLANG_WARN_QUOTED_INCLUDE_IN_FRAMEWORK_HEADER = YES;
				CLANG_WARN_RANGE_LOOP_ANALYSIS = YES;
				CLANG_WARN_STRICT_PROTOTYPES = YES;
				CLANG_WARN_SUSPICIOUS_MOVE = YES;
				CLANG_WARN_UNGUARDED_AVAILABILITY = YES_AGGRESSIVE;
				CLANG_WARN_UNREACHABLE_CODE = YES;
				CLANG_WARN__DUPLICATE_METHOD_MATCH = YES;
				COPY_PHASE_STRIP = NO;
				DEBUG_INFORMATION_FORMAT = "dwarf-with-dsym";
				ENABLE_NS_ASSERTIONS = NO;
				ENABLE_STRICT_OBJC_MSGSEND = YES;
				GCC_C_LANGUAGE_STANDARD = gnu11;
				GCC_NO_COMMON_BLOCKS = YES;
				GCC_WARN_64_TO_32_BIT_CONVERSION = YES;
				GCC_WARN_ABOUT_RETURN_TYPE = YES_ERROR;
				GCC_WARN_UNDECLARED_SELECTOR = YES;
				GCC_WARN_UNINITIALIZED_AUTOS = YES_AGGRESSIVE;
				GCC_WARN_UNUSED_FUNCTION = YES;
				GCC_WARN_UNUSED_VARIABLE = YES;
				MTL_ENABLE_DEBUG_INFO = NO;
				MTL_FAST_MATH = YES;
				PRODUCT_NAME = "$(TARGET_NAME)";
				SDKROOT = iphoneos;
				SWIFT_COMPILATION_MODE = wholemodule;
				SWIFT_EMIT_LOC_STRINGS = YES;
				SWIFT_OPTIMIZATION_LEVEL = "-O";
				SWIFT_VERSION = 5.0;
			};
			name = Release;
		};
		595A7D61B4BF647217BD3942 /* Debug */ = {
			isa = XCBuildConfiguration;
			buildSettings = {
				ALWAYS_SEARCH_USER_PATHS = NO;
				CLANG_ANALYZER_NONNULL = YES;
				CLANG_ANALYZER_NUMBER_OBJECT_CONVERSION = YES_AGGRESSIVE;
				CLANG_CXX_LANGUAGE_STANDARD = "gnu++14";
				CLANG_CXX_LIBRARY = "libc++";
				CLANG_ENABLE_MODULES = YES;
				CLANG_ENABLE_OBJC_ARC = YES;
				CLANG_ENABLE_OBJC_WEAK = YES;
				CLANG_WARN_BLOCK_CAPTURE_AUTORELEASING = YES;
				CLANG_WARN_BOOL_CONVERSION = YES;
				CLANG_WARN_COMMA = YES;
				CLANG_WARN_CONSTANT_CONVERSION = YES;
				CLANG_WARN_DEPRECATED_OBJC_IMPLEMENTATIONS = YES;
				CLANG_WARN_DIRECT_OBJC_ISA_USAGE = YES_ERROR;
				CLANG_WARN_DOCUMENTATION_COMMENTS = YES;
				CLANG_WARN_EMPTY_BODY = YES;
				CLANG_WARN_ENUM_CONVERSION = YES;
				CLANG_WARN_INFINITE_RECURSION = YES;
				CLANG_WARN_INT_CONVERSION = YES;
				CLANG_WARN_NON_LITERAL_NULL_CONVERSION = YES;
				CLANG_WARN_OBJC_IMPLICIT_RETAIN_SELF = YES;
				CLANG_WARN_OBJC_LITERAL_CONVERSION = YES;
				CLANG_WARN_OBJC_ROOT_CLASS = YES_ERROR;
				CLANG_WARN_QUOTED_INCLUDE_IN_FRAMEWORK_HEADER = YES;
				CLANG_WARN_RANGE_LOOP_ANALYSIS = YES;
				CLANG_WARN_STRICT_PROTOTYPES = YES;
				CLANG_WARN_SUSPICIOUS_MOVE = YES;
				CLANG_WARN_UNGUARDED_AVAILABILITY = YES_AGGRESSIVE;
				CLANG_WARN_UNREACHABLE_CODE = YES;
				CLANG_WARN__DUPLICATE_METHOD_MATCH = YES;
				COPY_PHASE_STRIP = NO;
				DEBUG_INFORMATION_FORMAT = dwarf;
				ENABLE_STRICT_OBJC_MSGSEND = YES;
				ENABLE_TESTABILITY = YES;
				GCC_C_LANGUAGE_STANDARD = gnu11;
				GCC_DYNAMIC_NO_PIC = NO;
				GCC_NO_COMMON_BLOCKS = YES;
				GCC_OPTIMIZATION_LEVEL = 0;
				GCC_PREPROCESSOR_DEFINITIONS = (
					"$(inherited)",
					"DEBUG=1",
				);
				GCC_WARN_64_TO_32_BIT_CONVERSION = YES;
				GCC_WARN_ABOUT_RETURN_TYPE = YES_ERROR;
				GCC_WARN_UNDECLARED_SELECTOR = YES;
				GCC_WARN_UNINITIALIZED_AUTOS = YES_AGGRESSIVE;
				GCC_WARN_UNUSED_FUNCTION = YES;
				GCC_WARN_UNUSED_VARIABLE = YES;
				MTL_ENABLE_DEBUG_INFO = INCLUDE_SOURCE;
				MTL_FAST_MATH = YES;
				ONLY_ACTIVE_ARCH = YES;
				PRODUCT_NAME = "$(TARGET_NAME)";
				SDKROOT = iphoneos;
				SWIFT_ACTIVE_COMPILATION_CONDITIONS = DEBUG;
				SWIFT_EMIT_LOC_STRINGS = YES;
				SWIFT_OPTIMIZATION_LEVEL = "-Onone";
				SWIFT_VERSION = 5.0;
			};
			name = Debug;
		};
		7304A2986A15DCBEF36CC5E9 /* Release */ = {
			isa = XCBuildConfiguration;
			buildSettings = {
				ASSETCATALOG_COMPILER_APPICON_NAME = AppIcon;
				CODE_SIGN_IDENTITY = "iPhone Developer";
				DEVELOPMENT_TEAM = MCQXJV64U2;
				ENABLE_USER_SCRIPT_SANDBOXING = NO;
				FRAMEWORK_SEARCH_PATHS = (
					"$(inherited)",
					"\"Bindings\"",
				);
				INFOPLIST_FILE = Musicbirb/Info.plist;
				IPHONEOS_DEPLOYMENT_TARGET = 17.0;
				LD_RUNPATH_SEARCH_PATHS = (
					"$(inherited)",
					"@executable_path/Frameworks",
				);
				LIBRARY_SEARCH_PATHS = "$(inherited)";
				PRODUCT_BUNDLE_IDENTIFIER = com.musicbirb.Musicbirb;
				SDKROOT = iphoneos;
				SWIFT_OBJC_BRIDGING_HEADER = Bindings/musicbirbFFI.h;
				TARGETED_DEVICE_FAMILY = "1,2";
			};
			name = Release;
		};
		C90CEA892F7D7C4200762DC5 /* Debug */ = {
			isa = XCBuildConfiguration;
			buildSettings = {
				CODE_SIGN_STYLE = Automatic;
				DEVELOPMENT_TEAM = MCQXJV64U2;
				PRODUCT_NAME = "$(TARGET_NAME)";
			};
			name = Debug;
		};
		C90CEA8A2F7D7C4200762DC5 /* Release */ = {
			isa = XCBuildConfiguration;
			buildSettings = {
				CODE_SIGN_STYLE = Automatic;
				DEVELOPMENT_TEAM = MCQXJV64U2;
				PRODUCT_NAME = "$(TARGET_NAME)";
			};
			name = Release;
		};
		FBBEFE21C77623A5BA5CC489 /* Debug */ = {
			isa = XCBuildConfiguration;
			buildSettings = {
				ASSETCATALOG_COMPILER_APPICON_NAME = AppIcon;
				CODE_SIGN_IDENTITY = "iPhone Developer";
				DEVELOPMENT_TEAM = MCQXJV64U2;
				ENABLE_USER_SCRIPT_SANDBOXING = NO;
				FRAMEWORK_SEARCH_PATHS = (
					"$(inherited)",
					"\"Bindings\"",
				);
				INFOPLIST_FILE = Musicbirb/Info.plist;
				IPHONEOS_DEPLOYMENT_TARGET = 17.0;
				LD_RUNPATH_SEARCH_PATHS = (
					"$(inherited)",
					"@executable_path/Frameworks",
				);
				LIBRARY_SEARCH_PATHS = "$(inherited)";
				PRODUCT_BUNDLE_IDENTIFIER = com.musicbirb.Musicbirb;
				SDKROOT = iphoneos;
				SWIFT_OBJC_BRIDGING_HEADER = Bindings/musicbirbFFI.h;
				TARGETED_DEVICE_FAMILY = "1,2";
			};
			name = Debug;
		};
/* End XCBuildConfiguration section */

/* Begin XCConfigurationList section */
		5B8D5ED92112336B936D15FA /* Build configuration list for PBXProject "Musicbirb" */ = {
			isa = XCConfigurationList;
			buildConfigurations = (
				595A7D61B4BF647217BD3942 /* Debug */,
				049EE951C507F6C4AC416FA7 /* Release */,
			);
			defaultConfigurationIsVisible = 0;
			defaultConfigurationName = Debug;
		};
		C90CEA882F7D7C4200762DC5 /* Build configuration list for PBXAggregateTarget "RustBuild" */ = {
			isa = XCConfigurationList;
			buildConfigurations = (
				C90CEA892F7D7C4200762DC5 /* Debug */,
				C90CEA8A2F7D7C4200762DC5 /* Release */,
			);
			defaultConfigurationIsVisible = 0;
			defaultConfigurationName = Debug;
		};
		D25E20F9AE6C16474FF56F35 /* Build configuration list for PBXNativeTarget "Musicbirb" */ = {
			isa = XCConfigurationList;
			buildConfigurations = (
				FBBEFE21C77623A5BA5CC489 /* Debug */,
				7304A2986A15DCBEF36CC5E9 /* Release */,
			);
			defaultConfigurationIsVisible = 0;
			defaultConfigurationName = Debug;
		};
/* End XCConfigurationList section */
	};
	rootObject = EDC4AD04E3E411D0CC495BAE /* Project object */;
}
